
Microsoft Visual Studio Solution File, Format Version 12.00
# Visual Studio Version 17
VisualStudioVersion = 17.13.35825.156 d17.13
MinimumVisualStudioVersion = 10.0.40219.1
Project("{FAE04EC0-301F-11D3-BF4B-00C04F79EFBC}") = "ExceptionsExample", "ExceptionsExample.csproj", "{A5D8BC2F-FF8B-40DF-BB01-714DD5F7612C}"
EndProject
Global
	GlobalSection(SolutionConfigurationPlatforms) = preSolution
		Debug|Any CPU = Debug|Any CPU
		Release|Any CPU = Release|Any CPU
	EndGlobalSection
	GlobalSection(ProjectConfigurationPlatforms) = postSolution
		{A5D8BC2F-FF8B-40DF-BB01-714DD5F7612C}.Debug|Any CPU.ActiveCfg = Debug|Any CPU
		{A5D8BC2F-FF8B-40DF-BB01-714DD5F7612C}.Debug|Any CPU.Build.0 = Debug|Any CPU
		{A5D8BC2F-FF8B-40DF-BB01-714DD5F7612C}.Release|Any CPU.ActiveCfg = Release|Any CPU
		{A5D8BC2F-FF8B-40DF-BB01-714DD5F7612C}.Release|Any CPU.Build.0 = Release|Any CPU
	EndGlobalSection
	GlobalSection(SolutionProperties) = preSolution
		HideSolutionNode = FALSE
	EndGlobalSection
	GlobalSection(ExtensibilityGlobals) = postSolution
		SolutionGuid = {108EFA5D-E33E-4600-AB31-E929B815E2D7}
	EndGlobalSection
EndGlobal
